{
  "name": "rescript-use-tea",
  "version": "0.1.0",
  "lockfileVersion": 1,
  "requires": true,
  "dependencies": {
    "@rescript/react": {
      "version": "0.10.3",
      "resolved": "https://registry.npmjs.org/@rescript/react/-/react-0.10.3.tgz",
      "integrity": "sha512-Lf9rzrR3bQPKJjOK3PBRa/B3xrJ7CqQ1HYr9VHPVxJidarIJJFZBhj0Dg1uZURX+Wg/xiP0PHFxXmdj2bK8Vxw==",
      "dev": true
    },
    "rescript": {
      "version": "10.0.1",
      "resolved": "https://registry.npmjs.org/rescript/-/rescript-10.0.1.tgz",
      "integrity": "sha512-XwO1GPDtoEU4H03xQE5bp0/qtSVR6YLaJRPxWKrfFgKc+LI36ODOCie7o9UJfgzQdoMYkkZyiTGZ4N9OQEaiUw==",
      "dev": true
    }
  }
}
